
Microsoft Visual Studio Solution File, Format Version 12.00
# Visual Studio Version 16
VisualStudioVersion = 16.0.29505.145
MinimumVisualStudioVersion = 10.0.40219.1
Project("{FAE04EC0-301F-11D3-BF4B-00C04F79EFBC}") = "PlasticNotificationSystem", "PlasticNotificationSystem\PlasticNotificationSystem.csproj", "{B41CA8E6-4B7C-4E80-A142-ED778AD0242F}"
EndProject
Global
	GlobalSection(SolutionConfigurationPlatforms) = preSolution
		Debug|Any CPU = Debug|Any CPU
		Release|Any CPU = Release|Any CPU
	EndGlobalSection
	GlobalSection(ProjectConfigurationPlatforms) = postSolution
		{B41CA8E6-4B7C-4E80-A142-ED778AD0242F}.Debug|Any CPU.ActiveCfg = Debug|Any CPU
		{B41CA8E6-4B7C-4E80-A142-ED778AD0242F}.Debug|Any CPU.Build.0 = Debug|Any CPU
		{B41CA8E6-4B7C-4E80-A142-ED778AD0242F}.Release|Any CPU.ActiveCfg = Release|Any CPU
		{B41CA8E6-4B7C-4E80-A142-ED778AD0242F}.Release|Any CPU.Build.0 = Release|Any CPU
	EndGlobalSection
	GlobalSection(SolutionProperties) = preSolution
		HideSolutionNode = FALSE
	EndGlobalSection
	GlobalSection(ExtensibilityGlobals) = postSolution
		SolutionGuid = {83377DCC-04B9-45FA-9B1B-45C2447F5175}
	EndGlobalSection
EndGlobal
